{
  "object": {
    "pins": [
      {
        "package": "AFNetworking",
        "repositoryURL": "https://github.com/AFNetworking/AFNetworking.git",
        "state": {
          "branch": null,
          "revision": "ffae2391ab0c29dc88eb0a58d2f5b2c2c27cadbf",
          "version": "4.0.1"
        }
      },
      {
        "package": "libPhoneNumber",
        "repositoryURL": "https://github.com/iziz/libPhoneNumber-iOS.git",
        "state": {
          "branch": null,
          "revision": "6dcd392724f9514f589cce3671ef30457ea68c41",
          "version": "0.9.16"
        }
      },
      {
        "package": "SVGgh",
        "repositoryURL": "https://github.com/Kireyin/SVGgh.git",
        "state": {
          "branch": "master",
          "revision": "41a5b031abaaf807fb5f3355a53071f4e2c50fbb",
          "version": null
        }
      }
    ]
  },
  "version": 1
}
